// !$*UTF8*$!
{
	archiveVersion = 1;
	classes = {
	};
	objectVersion = 56;
	objects = {

/* Begin PBXBuildFile section */
		5CEBBBA129845D2B0004AAAC /* AppDelegate.swift in Sources */ = {isa = PBXBuildFile; fileRef = 5CEBBBA029845D2B0004AAAC /* AppDelegate.swift */; };
		5CEBBBA329845D2B0004AAAC /* GameScene.sks in Resources */ = {isa = PBXBuildFile; fileRef = 5CEBBBA229845D2B0004AAAC /* GameScene.sks */; };
		5CEBBBA529845D2B0004AAAC /* Actions.sks in Resources */ = {isa = PBXBuildFile; fileRef = 5CEBBBA429845D2B0004AAAC /* Actions.sks */; };
		5CEBBBA729845D2B0004AAAC /* GameScene.swift in Sources */ = {isa = PBXBuildFile; fileRef = 5CEBBBA629845D2B0004AAAC /* GameScene.swift */; };
		5CEBBBA929845D2B0004AAAC /* GameViewController.swift in Sources */ = {isa = PBXBuildFile; fileRef = 5CEBBBA829845D2B0004AAAC /* GameViewController.swift */; };
		5CEBBBAC29845D2B0004AAAC /* Main.storyboard in Resources */ = {isa = PBXBuildFile; fileRef = 5CEBBBAA29845D2B0004AAAC /* Main.storyboard */; };
		5CEBBBAE29845D2C0004AAAC /* Assets.xcassets in Resources */ = {isa = PBXBuildFile; fileRef = 5CEBBBAD29845D2C0004AAAC /* Assets.xcassets */; };
		5CEBBBB129845D2C0004AAAC /* LaunchScreen.storyboard in Resources */ = {isa = PBXBuildFile; fileRef = 5CEBBBAF29845D2C0004AAAC /* LaunchScreen.storyboard */; };
		5CEBBBBB29845D2C0004AAAC /* Project6Tests.swift in Sources */ = {isa = PBXBuildFile; fileRef = 5CEBBBBA29845D2C0004AAAC /* Project6Tests.swift */; };
		5CEBBBC529845D2C0004AAAC /* Project6UITests.swift in Sources */ = {isa = PBXBuildFile; fileRef = 5CEBBBC429845D2C0004AAAC /* Project6UITests.swift */; };
		5CEBBBC729845D2C0004AAAC /* Project6UITestsLaunchTests.swift in Sources */ = {isa = PBXBuildFile; fileRef = 5CEBBBC629845D2C0004AAAC /* Project6UITestsLaunchTests.swift */; };
		5CEBBBD429845DCA0004AAAC /* GameLogic.swift in Sources */ = {isa = PBXBuildFile; fileRef = 5CEBBBD329845DCA0004AAAC /* GameLogic.swift */; };
/* End PBXBuildFile section */

/* Begin PBXContainerItemProxy section */
		5CEBBBB729845D2C0004AAAC /* PBXContainerItemProxy */ = {
			isa = PBXContainerItemProxy;
			containerPortal = 5CEBBB9529845D2B0004AAAC /* Project object */;
			proxyType = 1;
			remoteGlobalIDString = 5CEBBB9C29845D2B0004AAAC;
			remoteInfo = Project6;
		};
		5CEBBBC129845D2C0004AAAC /* PBXContainerItemProxy */ = {
			isa = PBXContainerItemProxy;
			containerPortal = 5CEBBB9529845D2B0004AAAC /* Project object */;
			proxyType = 1;
			remoteGlobalIDString = 5CEBBB9C29845D2B0004AAAC;
			remoteInfo = Project6;
		};
/* End PBXContainerItemProxy section */

/* Begin PBXFileReference section */
		5CEBBB9D29845D2B0004AAAC /* Project6.app */ = {isa = PBXFileReference; explicitFileType = wrapper.application; includeInIndex = 0; path = Project6.app; sourceTree = BUILT_PRODUCTS_DIR; };
		5CEBBBA029845D2B0004AAAC /* AppDelegate.swift */ = {isa = PBXFileReference; lastKnownFileType = sourcecode.swift; path = AppDelegate.swift; sourceTree = "<group>"; };
		5CEBBBA229845D2B0004AAAC /* GameScene.sks */ = {isa = PBXFileReference; lastKnownFileType = file.sks; path = GameScene.sks; sourceTree = "<group>"; };
		5CEBBBA429845D2B0004AAAC /* Actions.sks */ = {isa = PBXFileReference; lastKnownFileType = file.sks; path = Actions.sks; sourceTree = "<group>"; };
		5CEBBBA629845D2B0004AAAC /* GameScene.swift */ = {isa = PBXFileReference; lastKnownFileType = sourcecode.swift; path = GameScene.swift; sourceTree = "<group>"; };
		5CEBBBA829845D2B0004AAAC /* GameViewController.swift */ = {isa = PBXFileReference; lastKnownFileType = sourcecode.swift; path = GameViewController.swift; sourceTree = "<group>"; };
		5CEBBBAB29845D2B0004AAAC /* Base */ = {isa = PBXFileReference; lastKnownFileType = file.storyboard; name = Base; path = Base.lproj/Main.storyboard; sourceTree = "<group>"; };
		5CEBBBAD29845D2C0004AAAC /* Assets.xcassets */ = {isa = PBXFileReference; lastKnownFileType = folder.assetcatalog; path = Assets.xcassets; sourceTree = "<group>"; };
		5CEBBBB029845D2C0004AAAC /* Base */ = {isa = PBXFileReference; lastKnownFileType = file.storyboard; name = Base; path = Base.lproj/LaunchScreen.storyboard; sourceTree = "<group>"; };
		5CEBBBB629845D2C0004AAAC /* Project6Tests.xctest */ = {isa = PBXFileReference; explicitFileType = wrapper.cfbundle; includeInIndex = 0; path = Project6Tests.xctest; sourceTree = BUILT_PRODUCTS_DIR; };
		5CEBBBBA29845D2C0004AAAC /* Project6Tests.swift */ = {isa = PBXFileReference; lastKnownFileType = sourcecode.swift; path = Project6Tests.swift; sourceTree = "<group>"; };
		5CEBBBC029845D2C0004AAAC /* Project6UITests.xctest */ = {isa = PBXFileReference; explicitFileType = wrapper.cfbundle; includeInIndex = 0; path = Project6UITests.xctest; sourceTree = BUILT_PRODUCTS_DIR; };
		5CEBBBC429845D2C0004AAAC /* Project6UITests.swift */ = {isa = PBXFileReference; lastKnownFileType = sourcecode.swift; path = Project6UITests.swift; sourceTree = "<group>"; };
		5CEBBBC629845D2C0004AAAC /* Project6UITestsLaunchTests.swift */ = {isa = PBXFileReference; lastKnownFileType = sourcecode.swift; path = Project6UITestsLaunchTests.swift; sourceTree = "<group>"; };
		5CEBBBD329845DCA0004AAAC /* GameLogic.swift */ = {isa = PBXFileReference; lastKnownFileType = sourcecode.swift; path = GameLogic.swift; sourceTree = "<group>"; };
/* End PBXFileReference section */

/* Begin PBXFrameworksBuildPhase section */
		5CEBBB9A29845D2B0004AAAC /* Frameworks */ = {
			isa = PBXFrameworksBuildPhase;
			buildActionMask = 2147483647;
			files = (
			);
			runOnlyForDeploymentPostprocessing = 0;
		};
		5CEBBBB329845D2C0004AAAC /* Frameworks */ = {
			isa = PBXFrameworksBuildPhase;
			buildActionMask = 2147483647;
			files = (
			);
			runOnlyForDeploymentPostprocessing = 0;
		};
		5CEBBBBD29845D2C0004AAAC /* Frameworks */ = {
			isa = PBXFrameworksBuildPhase;
			buildActionMask = 2147483647;
			files = (
			);
			runOnlyForDeploymentPostprocessing = 0;
		};
/* End PBXFrameworksBuildPhase section */

/* Begin PBXGroup section */
		5CEBBB9429845D2B0004AAAC = {
			isa = PBXGroup;
			children = (
				5CEBBB9F29845D2B0004AAAC /* Project6 */,
				5CEBBBB929845D2C0004AAAC /* Project6Tests */,
				5CEBBBC329845D2C0004AAAC /* Project6UITests */,
				5CEBBB9E29845D2B0004AAAC /* Products */,
			);
			sourceTree = "<group>";
		};
		5CEBBB9E29845D2B0004AAAC /* Products */ = {
			isa = PBXGroup;
			children = (
				5CEBBB9D29845D2B0004AAAC /* Project6.app */,
				5CEBBBB629845D2C0004AAAC /* Project6Tests.xctest */,
				5CEBBBC029845D2C0004AAAC /* Project6UITests.xctest */,
			);
			name = Products;
			sourceTree = "<group>";
		};
		5CEBBB9F29845D2B0004AAAC /* Project6 */ = {
			isa = PBXGroup;
			children = (
				5CEBBBA029845D2B0004AAAC /* AppDelegate.swift */,
				5CEBBBA229845D2B0004AAAC /* GameScene.sks */,
				5CEBBBA429845D2B0004AAAC /* Actions.sks */,
				5CEBBBA629845D2B0004AAAC /* GameScene.swift */,
				5CEBBBD329845DCA0004AAAC /* GameLogic.swift */,
				5CEBBBA829845D2B0004AAAC /* GameViewController.swift */,
				5CEBBBAA29845D2B0004AAAC /* Main.storyboard */,
				5CEBBBAD29845D2C0004AAAC /* Assets.xcassets */,
				5CEBBBAF29845D2C0004AAAC /* LaunchScreen.storyboard */,
			);
			path = Project6;
			sourceTree = "<group>";
		};
		5CEBBBB929845D2C0004AAAC /* Project6Tests */ = {
			isa = PBXGroup;
			children = (
				5CEBBBBA29845D2C0004AAAC /* Project6Tests.swift */,
			);
			path = Project6Tests;
			sourceTree = "<group>";
		};
		5CEBBBC329845D2C0004AAAC /* Project6UITests */ = {
			isa = PBXGroup;
			children = (
				5CEBBBC429845D2C0004AAAC /* Project6UITests.swift */,
				5CEBBBC629845D2C0004AAAC /* Project6UITestsLaunchTests.swift */,
			);
			path = Project6UITests;
			sourceTree = "<group>";
		};
/* End PBXGroup section */

/* Begin PBXNativeTarget section */
		5CEBBB9C29845D2B0004AAAC /* Project6 */ = {
			isa = PBXNativeTarget;
			buildConfigurationList = 5CEBBBCA29845D2C0004AAAC /* Build configuration list for PBXNativeTarget "Project6" */;
			buildPhases = (
				5CEBBB9929845D2B0004AAAC /* Sources */,
				5CEBBB9A29845D2B0004AAAC /* Frameworks */,
				5CEBBB9B29845D2B0004AAAC /* Resources */,
			);
			buildRules = (
			);
			dependencies = (
			);
			name = Project6;
			productName = Project6;
			productReference = 5CEBBB9D29845D2B0004AAAC /* Project6.app */;
			productType = "com.apple.product-type.application";
		};
		5CEBBBB529845D2C0004AAAC /* Project6Tests */ = {
			isa = PBXNativeTarget;
			buildConfigurationList = 5CEBBBCD29845D2C0004AAAC /* Build configuration list for PBXNativeTarget "Project6Tests" */;
			buildPhases = (
				5CEBBBB229845D2C0004AAAC /* Sources */,
				5CEBBBB329845D2C0004AAAC /* Frameworks */,
				5CEBBBB429845D2C0004AAAC /* Resources */,
			);
			buildRules = (
			);
			dependencies = (
				5CEBBBB829845D2C0004AAAC /* PBXTargetDependency */,
			);
			name = Project6Tests;
			productName = Project6Tests;
			productReference = 5CEBBBB629845D2C0004AAAC /* Project6Tests.xctest */;
			productType = "com.apple.product-type.bundle.unit-test";
		};
		5CEBBBBF29845D2C0004AAAC /* Project6UITests */ = {
			isa = PBXNativeTarget;
			buildConfigurationList = 5CEBBBD029845D2C0004AAAC /* Build configuration list for PBXNativeTarget "Project6UITests" */;
			buildPhases = (
				5CEBBBBC29845D2C0004AAAC /* Sources */,
				5CEBBBBD29845D2C0004AAAC /* Frameworks */,
				5CEBBBBE29845D2C0004AAAC /* Resources */,
			);
			buildRules = (
			);
			dependencies = (
				5CEBBBC229845D2C0004AAAC /* PBXTargetDependency */,
			);
			name = Project6UITests;
			productName = Project6UITests;
			productReference = 5CEBBBC029845D2C0004AAAC /* Project6UITests.xctest */;
			productType = "com.apple.product-type.bundle.ui-testing";
		};
/* End PBXNativeTarget section */

/* Begin PBXProject section */
		5CEBBB9529845D2B0004AAAC /* Project object */ = {
			isa = PBXProject;
			attributes = {
				BuildIndependentTargetsInParallel = 1;
				LastSwiftUpdateCheck = 1420;
				LastUpgradeCheck = 1420;
				TargetAttributes = {
					5CEBBB9C29845D2B0004AAAC = {
						CreatedOnToolsVersion = 14.2;
					};
					5CEBBBB529845D2C0004AAAC = {
						CreatedOnToolsVersion = 14.2;
						TestTargetID = 5CEBBB9C29845D2B0004AAAC;
					};
					5CEBBBBF29845D2C0004AAAC = {
						CreatedOnToolsVersion = 14.2;
						TestTargetID = 5CEBBB9C29845D2B0004AAAC;
					};
				};
			};
			buildConfigurationList = 5CEBBB9829845D2B0004AAAC /* Build configuration list for PBXProject "Project6" */;
			compatibilityVersion = "Xcode 14.0";
			developmentRegion = en;
			hasScannedForEncodings = 0;
			knownRegions = (
				en,
				Base,
			);
			mainGroup = 5CEBBB9429845D2B0004AAAC;
			productRefGroup = 5CEBBB9E29845D2B0004AAAC /* Products */;
			projectDirPath = "";
			projectRoot = "";
			targets = (
				5CEBBB9C29845D2B0004AAAC /* Project6 */,
				5CEBBBB529845D2C0004AAAC /* Project6Tests */,
				5CEBBBBF29845D2C0004AAAC /* Project6UITests */,
			);
		};
/* End PBXProject section */

/* Begin PBXResourcesBuildPhase section */
		5CEBBB9B29845D2B0004AAAC /* Resources */ = {
			isa = PBXResourcesBuildPhase;
			buildActionMask = 2147483647;
			files = (
				5CEBBBAC29845D2B0004AAAC /* Main.storyboard in Resources */,
				5CEBBBA329845D2B0004AAAC /* GameScene.sks in Resources */,
				5CEBBBAE29845D2C0004AAAC /* Assets.xcassets in Resources */,
				5CEBBBB129845D2C0004AAAC /* LaunchScreen.storyboard in Resources */,
				5CEBBBA529845D2B0004AAAC /* Actions.sks in Resources */,
			);
			runOnlyForDeploymentPostprocessing = 0;
		};
		5CEBBBB429845D2C0004AAAC /* Resources */ = {
			isa = PBXResourcesBuildPhase;
			buildActionMask = 2147483647;
			files = (
			);
			runOnlyForDeploymentPostprocessing = 0;
		};
		5CEBBBBE29845D2C0004AAAC /* Resources */ = {
			isa = PBXResourcesBuildPhase;
			buildActionMask = 2147483647;
			files = (
			);
			runOnlyForDeploymentPostprocessing = 0;
		};
/* End PBXResourcesBuildPhase section */

/* Begin PBXSourcesBuildPhase section */
		5CEBBB9929845D2B0004AAAC /* Sources */ = {
			isa = PBXSourcesBuildPhase;
			buildActionMask = 2147483647;
			files = (
				5CEBBBA729845D2B0004AAAC /* GameScene.swift in Sources */,
				5CEBBBA929845D2B0004AAAC /* GameViewController.swift in Sources */,
				5CEBBBD429845DCA0004AAAC /* GameLogic.swift in Sources */,
				5CEBBBA129845D2B0004AAAC /* AppDelegate.swift in Sources */,
			);
			runOnlyForDeploymentPostprocessing = 0;
		};
		5CEBBBB229845D2C0004AAAC /* Sources */ = {
			isa = PBXSourcesBuildPhase;
			buildActionMask = 2147483647;
			files = (
				5CEBBBBB29845D2C0004AAAC /* Project6Tests.swift in Sources */,
			);
			runOnlyForDeploymentPostprocessing = 0;
		};
		5CEBBBBC29845D2C0004AAAC /* Sources */ = {
			isa = PBXSourcesBuildPhase;
			buildActionMask = 2147483647;
			files = (
				5CEBBBC729845D2C0004AAAC /* Project6UITestsLaunchTests.swift in Sources */,
				5CEBBBC529845D2C0004AAAC /* Project6UITests.swift in Sources */,
			);
			runOnlyForDeploymentPostprocessing = 0;
		};
/* End PBXSourcesBuildPhase section */

/* Begin PBXTargetDependency section */
		5CEBBBB829845D2C0004AAAC /* PBXTargetDependency */ = {
			isa = PBXTargetDependency;
			target = 5CEBBB9C29845D2B0004AAAC /* Project6 */;
			targetProxy = 5CEBBBB729845D2C0004AAAC /* PBXContainerItemProxy */;
		};
		5CEBBBC229845D2C0004AAAC /* PBXTargetDependency */ = {
			isa = PBXTargetDependency;
			target = 5CEBBB9C29845D2B0004AAAC /* Project6 */;
			targetProxy = 5CEBBBC129845D2C0004AAAC /* PBXContainerItemProxy */;
		};
/* End PBXTargetDependency section */

/* Begin PBXVariantGroup section */
		5CEBBBAA29845D2B0004AAAC /* Main.storyboard */ = {
			isa = PBXVariantGroup;
			children = (
				5CEBBBAB29845D2B0004AAAC /* Base */,
			);
			name = Main.storyboard;
			sourceTree = "<group>";
		};
		5CEBBBAF29845D2C0004AAAC /* LaunchScreen.storyboard */ = {
			isa = PBXVariantGroup;
			children = (
				5CEBBBB029845D2C0004AAAC /* Base */,
			);
			name = LaunchScreen.storyboard;
			sourceTree = "<group>";
		};
/* End PBXVariantGroup section */

/* Begin XCBuildConfiguration section */
		5CEBBBC829845D2C0004AAAC /* Debug */ = {
			isa = XCBuildConfiguration;
			buildSettings = {
				ALWAYS_SEARCH_USER_PATHS = NO;
				CLANG_ANALYZER_NONNULL = YES;
				CLANG_ANALYZER_NUMBER_OBJECT_CONVERSION = YES_AGGRESSIVE;
				CLANG_CXX_LANGUAGE_STANDARD = "gnu++20";
				CLANG_ENABLE_MODULES = YES;
				CLANG_ENABLE_OBJC_ARC = YES;
				CLANG_ENABLE_OBJC_WEAK = YES;
				CLANG_WARN_BLOCK_CAPTURE_AUTORELEASING = YES;
				CLANG_WARN_BOOL_CONVERSION = YES;
				CLANG_WARN_COMMA = YES;
				CLANG_WARN_CONSTANT_CONVERSION = YES;
				CLANG_WARN_DEPRECATED_OBJC_IMPLEMENTATIONS = YES;
				CLANG_WARN_DIRECT_OBJC_ISA_USAGE = YES_ERROR;
				CLANG_WARN_DOCUMENTATION_COMMENTS = YES;
				CLANG_WARN_EMPTY_BODY = YES;
				CLANG_WARN_ENUM_CONVERSION = YES;
				CLANG_WARN_INFINITE_RECURSION = YES;
				CLANG_WARN_INT_CONVERSION = YES;
				CLANG_WARN_NON_LITERAL_NULL_CONVERSION = YES;
				CLANG_WARN_OBJC_IMPLICIT_RETAIN_SELF = YES;
				CLANG_WARN_OBJC_LITERAL_CONVERSION = YES;
				CLANG_WARN_OBJC_ROOT_CLASS = YES_ERROR;
				CLANG_WARN_QUOTED_INCLUDE_IN_FRAMEWORK_HEADER = YES;
				CLANG_WARN_RANGE_LOOP_ANALYSIS = YES;
				CLANG_WARN_STRICT_PROTOTYPES = YES;
				CLANG_WARN_SUSPICIOUS_MOVE = YES;
				CLANG_WARN_UNGUARDED_AVAILABILITY = YES_AGGRESSIVE;
				CLANG_WARN_UNREACHABLE_CODE = YES;
				CLANG_WARN__DUPLICATE_METHOD_MATCH = YES;
				COPY_PHASE_STRIP = NO;
				DEBUG_INFORMATION_FORMAT = dwarf;
				ENABLE_STRICT_OBJC_MSGSEND = YES;
				ENABLE_TESTABILITY = YES;
				GCC_C_LANGUAGE_STANDARD = gnu11;
				GCC_DYNAMIC_NO_PIC = NO;
				GCC_NO_COMMON_BLOCKS = YES;
				GCC_OPTIMIZATION_LEVEL = 0;
				GCC_PREPROCESSOR_DEFINITIONS = (
					"DEBUG=1",
					"$(inherited)",
				);
				GCC_WARN_64_TO_32_BIT_CONVERSION = YES;
				GCC_WARN_ABOUT_RETURN_TYPE = YES_ERROR;
				GCC_WARN_UNDECLARED_SELECTOR = YES;
				GCC_WARN_UNINITIALIZED_AUTOS = YES_AGGRESSIVE;
				GCC_WARN_UNUSED_FUNCTION = YES;
				GCC_WARN_UNUSED_VARIABLE = YES;
				IPHONEOS_DEPLOYMENT_TARGET = 16.2;
				MTL_ENABLE_DEBUG_INFO = INCLUDE_SOURCE;
				MTL_FAST_MATH = YES;
				ONLY_ACTIVE_ARCH = YES;
				SDKROOT = iphoneos;
				SWIFT_ACTIVE_COMPILATION_CONDITIONS = DEBUG;
				SWIFT_OPTIMIZATION_LEVEL = "-Onone";
			};
			name = Debug;
		};
		5CEBBBC929845D2C0004AAAC /* Release */ = {
			isa = XCBuildConfiguration;
			buildSettings = {
				ALWAYS_SEARCH_USER_PATHS = NO;
				CLANG_ANALYZER_NONNULL = YES;
				CLANG_ANALYZER_NUMBER_OBJECT_CONVERSION = YES_AGGRESSIVE;
				CLANG_CXX_LANGUAGE_STANDARD = "gnu++20";
				CLANG_ENABLE_MODULES = YES;
				CLANG_ENABLE_OBJC_ARC = YES;
				CLANG_ENABLE_OBJC_WEAK = YES;
				CLANG_WARN_BLOCK_CAPTURE_AUTORELEASING = YES;
				CLANG_WARN_BOOL_CONVERSION = YES;
				CLANG_WARN_COMMA = YES;
				CLANG_WARN_CONSTANT_CONVERSION = YES;
				CLANG_WARN_DEPRECATED_OBJC_IMPLEMENTATIONS = YES;
				CLANG_WARN_DIRECT_OBJC_ISA_USAGE = YES_ERROR;
				CLANG_WARN_DOCUMENTATION_COMMENTS = YES;
				CLANG_WARN_EMPTY_BODY = YES;
				CLANG_WARN_ENUM_CONVERSION = YES;
				CLANG_WARN_INFINITE_RECURSION = YES;
				CLANG_WARN_INT_CONVERSION = YES;
				CLANG_WARN_NON_LITERAL_NULL_CONVERSION = YES;
				CLANG_WARN_OBJC_IMPLICIT_RETAIN_SELF = YES;
				CLANG_WARN_OBJC_LITERAL_CONVERSION = YES;
				CLANG_WARN_OBJC_ROOT_CLASS = YES_ERROR;
				CLANG_WARN_QUOTED_INCLUDE_IN_FRAMEWORK_HEADER = YES;
				CLANG_WARN_RANGE_LOOP_ANALYSIS = YES;
				CLANG_WARN_STRICT_PROTOTYPES = YES;
				CLANG_WARN_SUSPICIOUS_MOVE = YES;
				CLANG_WARN_UNGUARDED_AVAILABILITY = YES_AGGRESSIVE;
				CLANG_WARN_UNREACHABLE_CODE = YES;
				CLANG_WARN__DUPLICATE_METHOD_MATCH = YES;
				COPY_PHASE_STRIP = NO;
				DEBUG_INFORMATION_FORMAT = "dwarf-with-dsym";
				ENABLE_NS_ASSERTIONS = NO;
				ENABLE_STRICT_OBJC_MSGSEND = YES;
				GCC_C_LANGUAGE_STANDARD = gnu11;
				GCC_NO_COMMON_BLOCKS = YES;
				GCC_WARN_64_TO_32_BIT_CONVERSION = YES;
				GCC_WARN_ABOUT_RETURN_TYPE = YES_ERROR;
				GCC_WARN_UNDECLARED_SELECTOR = YES;
				GCC_WARN_UNINITIALIZED_AUTOS = YES_AGGRESSIVE;
				GCC_WARN_UNUSED_FUNCTION = YES;
				GCC_WARN_UNUSED_VARIABLE = YES;
				IPHONEOS_DEPLOYMENT_TARGET = 16.2;
				MTL_ENABLE_DEBUG_INFO = NO;
				MTL_FAST_MATH = YES;
				SDKROOT = iphoneos;
				SWIFT_COMPILATION_MODE = wholemodule;
				SWIFT_OPTIMIZATION_LEVEL = "-O";
				VALIDATE_PRODUCT = YES;
			};
			name = Release;
		};
		5CEBBBCB29845D2C0004AAAC /* Debug */ = {
			isa = XCBuildConfiguration;
			buildSettings = {
				ASSETCATALOG_COMPILER_APPICON_NAME = AppIcon;
				ASSETCATALOG_COMPILER_GLOBAL_ACCENT_COLOR_NAME = AccentColor;
				CODE_SIGN_STYLE = Automatic;
				CURRENT_PROJECT_VERSION = 1;
				DEVELOPMENT_TEAM = 5H89K7C3MW;
				GENERATE_INFOPLIST_FILE = YES;
				INFOPLIST_KEY_UIApplicationSupportsIndirectInputEvents = YES;
				INFOPLIST_KEY_UILaunchStoryboardName = LaunchScreen;
				INFOPLIST_KEY_UIMainStoryboardFile = Main;
				INFOPLIST_KEY_UIStatusBarHidden = YES;
				INFOPLIST_KEY_UISupportedInterfaceOrientations_iPad = "UIInterfaceOrientationPortrait UIInterfaceOrientationPortraitUpsideDown UIInterfaceOrientationLandscapeLeft UIInterfaceOrientationLandscapeRight";
				INFOPLIST_KEY_UISupportedInterfaceOrientations_iPhone = "UIInterfaceOrientationPortrait UIInterfaceOrientationLandscapeLeft UIInterfaceOrientationLandscapeRight";
				LD_RUNPATH_SEARCH_PATHS = (
					"$(inherited)",
					"@executable_path/Frameworks",
				);
				MARKETING_VERSION = 1.0;
				PRODUCT_BUNDLE_IDENTIFIER = com.lukaszcettler.Project6;
				PRODUCT_NAME = "$(TARGET_NAME)";
				SWIFT_EMIT_LOC_STRINGS = YES;
				SWIFT_VERSION = 5.0;
				TARGETED_DEVICE_FAMILY = "1,2";
			};
			name = Debug;
		};
		5CEBBBCC29845D2C0004AAAC /* Release */ = {
			isa = XCBuildConfiguration;
			buildSettings = {
				ASSETCATALOG_COMPILER_APPICON_NAME = AppIcon;
				ASSETCATALOG_COMPILER_GLOBAL_ACCENT_COLOR_NAME = AccentColor;
				CODE_SIGN_STYLE = Automatic;
				CURRENT_PROJECT_VERSION = 1;
				DEVELOPMENT_TEAM = 5H89K7C3MW;
				GENERATE_INFOPLIST_FILE = YES;
				INFOPLIST_KEY_UIApplicationSupportsIndirectInputEvents = YES;
				INFOPLIST_KEY_UILaunchStoryboardName = LaunchScreen;
				INFOPLIST_KEY_UIMainStoryboardFile = Main;
				INFOPLIST_KEY_UIStatusBarHidden = YES;
				INFOPLIST_KEY_UISupportedInterfaceOrientations_iPad = "UIInterfaceOrientationPortrait UIInterfaceOrientationPortraitUpsideDown UIInterfaceOrientationLandscapeLeft UIInterfaceOrientationLandscapeRight";
				INFOPLIST_KEY_UISupportedInterfaceOrientations_iPhone = "UIInterfaceOrientationPortrait UIInterfaceOrientationLandscapeLeft UIInterfaceOrientationLandscapeRight";
				LD_RUNPATH_SEARCH_PATHS = (
					"$(inherited)",
					"@executable_path/Frameworks",
				);
				MARKETING_VERSION = 1.0;
				PRODUCT_BUNDLE_IDENTIFIER = com.lukaszcettler.Project6;
				PRODUCT_NAME = "$(TARGET_NAME)";
				SWIFT_EMIT_LOC_STRINGS = YES;
				SWIFT_VERSION = 5.0;
				TARGETED_DEVICE_FAMILY = "1,2";
			};
			name = Release;
		};
		5CEBBBCE29845D2C0004AAAC /* Debug */ = {
			isa = XCBuildConfiguration;
			buildSettings = {
				ALWAYS_EMBED_SWIFT_STANDARD_LIBRARIES = YES;
				BUNDLE_LOADER = "$(TEST_HOST)";
				CODE_SIGN_STYLE = Automatic;
				CURRENT_PROJECT_VERSION = 1;
				DEVELOPMENT_TEAM = 5H89K7C3MW;
				GENERATE_INFOPLIST_FILE = YES;
				IPHONEOS_DEPLOYMENT_TARGET = 16.2;
				MARKETING_VERSION = 1.0;
				PRODUCT_BUNDLE_IDENTIFIER = com.lukaszcettler.Project6Tests;
				PRODUCT_NAME = "$(TARGET_NAME)";
				SWIFT_EMIT_LOC_STRINGS = NO;
				SWIFT_VERSION = 5.0;
				TARGETED_DEVICE_FAMILY = "1,2";
				TEST_HOST = "$(BUILT_PRODUCTS_DIR)/Project6.app/$(BUNDLE_EXECUTABLE_FOLDER_PATH)/Project6";
			};
			name = Debug;
		};
		5CEBBBCF29845D2C0004AAAC /* Release */ = {
			isa = XCBuildConfiguration;
			buildSettings = {
				ALWAYS_EMBED_SWIFT_STANDARD_LIBRARIES = YES;
				BUNDLE_LOADER = "$(TEST_HOST)";
				CODE_SIGN_STYLE = Automatic;
				CURRENT_PROJECT_VERSION = 1;
				DEVELOPMENT_TEAM = 5H89K7C3MW;
				GENERATE_INFOPLIST_FILE = YES;
				IPHONEOS_DEPLOYMENT_TARGET = 16.2;
				MARKETING_VERSION = 1.0;
				PRODUCT_BUNDLE_IDENTIFIER = com.lukaszcettler.Project6Tests;
				PRODUCT_NAME = "$(TARGET_NAME)";
				SWIFT_EMIT_LOC_STRINGS = NO;
				SWIFT_VERSION = 5.0;
				TARGETED_DEVICE_FAMILY = "1,2";
				TEST_HOST = "$(BUILT_PRODUCTS_DIR)/Project6.app/$(BUNDLE_EXECUTABLE_FOLDER_PATH)/Project6";
			};
			name = Release;
		};
		5CEBBBD129845D2C0004AAAC /* Debug */ = {
			isa = XCBuildConfiguration;
			buildSettings = {
				ALWAYS_EMBED_SWIFT_STANDARD_LIBRARIES = YES;
				CODE_SIGN_STYLE = Automatic;
				CURRENT_PROJECT_VERSION = 1;
				DEVELOPMENT_TEAM = 5H89K7C3MW;
				GENERATE_INFOPLIST_FILE = YES;
				MARKETING_VERSION = 1.0;
				PRODUCT_BUNDLE_IDENTIFIER = com.lukaszcettler.Project6UITests;
				PRODUCT_NAME = "$(TARGET_NAME)";
				SWIFT_EMIT_LOC_STRINGS = NO;
				SWIFT_VERSION = 5.0;
				TARGETED_DEVICE_FAMILY = "1,2";
				TEST_TARGET_NAME = Project6;
			};
			name = Debug;
		};
		5CEBBBD229845D2C0004AAAC /* Release */ = {
			isa = XCBuildConfiguration;
			buildSettings = {
				ALWAYS_EMBED_SWIFT_STANDARD_LIBRARIES = YES;
				CODE_SIGN_STYLE = Automatic;
				CURRENT_PROJECT_VERSION = 1;
				DEVELOPMENT_TEAM = 5H89K7C3MW;
				GENERATE_INFOPLIST_FILE = YES;
				MARKETING_VERSION = 1.0;
				PRODUCT_BUNDLE_IDENTIFIER = com.lukaszcettler.Project6UITests;
				PRODUCT_NAME = "$(TARGET_NAME)";
				SWIFT_EMIT_LOC_STRINGS = NO;
				SWIFT_VERSION = 5.0;
				TARGETED_DEVICE_FAMILY = "1,2";
				TEST_TARGET_NAME = Project6;
			};
			name = Release;
		};
/* End XCBuildConfiguration section */

/* Begin XCConfigurationList section */
		5CEBBB9829845D2B0004AAAC /* Build configuration list for PBXProject "Project6" */ = {
			isa = XCConfigurationList;
			buildConfigurations = (
				5CEBBBC829845D2C0004AAAC /* Debug */,
				5CEBBBC929845D2C0004AAAC /* Release */,
			);
			defaultConfigurationIsVisible = 0;
			defaultConfigurationName = Release;
		};
		5CEBBBCA29845D2C0004AAAC /* Build configuration list for PBXNativeTarget "Project6" */ = {
			isa = XCConfigurationList;
			buildConfigurations = (
				5CEBBBCB29845D2C0004AAAC /* Debug */,
				5CEBBBCC29845D2C0004AAAC /* Release */,
			);
			defaultConfigurationIsVisible = 0;
			defaultConfigurationName = Release;
		};
		5CEBBBCD29845D2C0004AAAC /* Build configuration list for PBXNativeTarget "Project6Tests" */ = {
			isa = XCConfigurationList;
			buildConfigurations = (
				5CEBBBCE29845D2C0004AAAC /* Debug */,
				5CEBBBCF29845D2C0004AAAC /* Release */,
			);
			defaultConfigurationIsVisible = 0;
			defaultConfigurationName = Release;
		};
		5CEBBBD029845D2C0004AAAC /* Build configuration list for PBXNativeTarget "Project6UITests" */ = {
			isa = XCConfigurationList;
			buildConfigurations = (
				5CEBBBD129845D2C0004AAAC /* Debug */,
				5CEBBBD229845D2C0004AAAC /* Release */,
			);
			defaultConfigurationIsVisible = 0;
			defaultConfigurationName = Release;
		};
/* End XCConfigurationList section */
	};
	rootObject = 5CEBBB9529845D2B0004AAAC /* Project object */;
}
